
Microsoft Visual Studio Solution File, Format Version 12.00
# Visual Studio Version 16
VisualStudioVersion = 16.0.31313.79
MinimumVisualStudioVersion = 10.0.40219.1
Project("{FAE04EC0-301F-11D3-BF4B-00C04F79EFBC}") = "WinForms", "WinForms\WinForms.csproj", "{F3A56052-9AB6-4B54-9D04-B2D6F0F8460A}"
EndProject
Global
	GlobalSection(SolutionConfigurationPlatforms) = preSolution
		Debug|Any CPU = Debug|Any CPU
		Release|Any CPU = Release|Any CPU
	EndGlobalSection
	GlobalSection(ProjectConfigurationPlatforms) = postSolution
		{F3A56052-9AB6-4B54-9D04-B2D6F0F8460A}.Debug|Any CPU.ActiveCfg = Debug|Any CPU
		{F3A56052-9AB6-4B54-9D04-B2D6F0F8460A}.Debug|Any CPU.Build.0 = Debug|Any CPU
		{F3A56052-9AB6-4B54-9D04-B2D6F0F8460A}.Release|Any CPU.ActiveCfg = Release|Any CPU
		{F3A56052-9AB6-4B54-9D04-B2D6F0F8460A}.Release|Any CPU.Build.0 = Release|Any CPU
	EndGlobalSection
	GlobalSection(SolutionProperties) = preSolution
		HideSolutionNode = FALSE
	EndGlobalSection
	GlobalSection(ExtensibilityGlobals) = postSolution
		SolutionGuid = {6D70BEDA-ACF0-4DD4-88BF-16648FF4DA42}
	EndGlobalSection
EndGlobal
